
Microsoft Visual Studio Solution File, Format Version 12.00
# Visual Studio 15
VisualStudioVersion = 15.0.28307.168
MinimumVisualStudioVersion = 10.0.40219.1
Project("{9A19103F-16F7-4668-BE54-9A1E7A4F7556}") = "RESTStoragePolicy", "RESTStoragePolicy.csproj", "{7E44C9F7-B25C-45F9-83F5-7799DA0308E2}"
EndProject
Global
	GlobalSection(SolutionConfigurationPlatforms) = preSolution
		Debug|Any CPU = Debug|Any CPU
		Release|Any CPU = Release|Any CPU
	EndGlobalSection
	GlobalSection(ProjectConfigurationPlatforms) = postSolution
		{7E44C9F7-B25C-45F9-83F5-7799DA0308E2}.Debug|Any CPU.ActiveCfg = Debug|Any CPU
		{7E44C9F7-B25C-45F9-83F5-7799DA0308E2}.Debug|Any CPU.Build.0 = Debug|Any CPU
		{7E44C9F7-B25C-45F9-83F5-7799DA0308E2}.Release|Any CPU.ActiveCfg = Release|Any CPU
		{7E44C9F7-B25C-45F9-83F5-7799DA0308E2}.Release|Any CPU.Build.0 = Release|Any CPU
	EndGlobalSection
	GlobalSection(SolutionProperties) = preSolution
		HideSolutionNode = FALSE
	EndGlobalSection
	GlobalSection(ExtensibilityGlobals) = postSolution
		SolutionGuid = {E6D61817-92FB-4E74-BA84-E9AA726EF9D5}
	EndGlobalSection
EndGlobal
